
Microsoft Visual Studio Solution File, Format Version 12.00
Project("{FAE04EC0-301F-11D3-BF4B-00C04F79EFBC}") = "PostCompile", "PostCompile\PostCompile.csproj", "{D9DF6C7F-3DCC-4F6F-BCF6-0B141A971734}"
EndProject
Project("{FAE04EC0-301F-11D3-BF4B-00C04F79EFBC}") = "SimpleTestApp", "SimpleTestApp\SimpleTestApp.csproj", "{B1A67DDE-3C7B-47E7-95D6-2E98BE49D2D6}"
EndProject
Global
	GlobalSection(SolutionConfigurationPlatforms) = preSolution
		Debug|Any CPU = Debug|Any CPU
		Release|Any CPU = Release|Any CPU
	EndGlobalSection
	GlobalSection(ProjectConfigurationPlatforms) = postSolution
		{D9DF6C7F-3DCC-4F6F-BCF6-0B141A971734}.Debug|Any CPU.ActiveCfg = Debug|Any CPU
		{D9DF6C7F-3DCC-4F6F-BCF6-0B141A971734}.Debug|Any CPU.Build.0 = Debug|Any CPU
		{D9DF6C7F-3DCC-4F6F-BCF6-0B141A971734}.Release|Any CPU.ActiveCfg = Release|Any CPU
		{D9DF6C7F-3DCC-4F6F-BCF6-0B141A971734}.Release|Any CPU.Build.0 = Release|Any CPU
		{B1A67DDE-3C7B-47E7-95D6-2E98BE49D2D6}.Debug|Any CPU.ActiveCfg = Debug|Any CPU
		{B1A67DDE-3C7B-47E7-95D6-2E98BE49D2D6}.Debug|Any CPU.Build.0 = Debug|Any CPU
		{B1A67DDE-3C7B-47E7-95D6-2E98BE49D2D6}.Release|Any CPU.ActiveCfg = Release|Any CPU
		{B1A67DDE-3C7B-47E7-95D6-2E98BE49D2D6}.Release|Any CPU.Build.0 = Release|Any CPU
	EndGlobalSection
EndGlobal
